
Microsoft Visual Studio Solution File, Format Version 12.00
# Visual Studio Version 16
VisualStudioVersion = 16.0.31515.178
MinimumVisualStudioVersion = 10.0.40219.1
Project("{FAE04EC0-301F-11D3-BF4B-00C04F79EFBC}") = "Producto", "Producto\Producto.csproj", "{C801A376-E282-40D6-A718-2E66748B0F41}"
EndProject
Global
	GlobalSection(SolutionConfigurationPlatforms) = preSolution
		Debug|Any CPU = Debug|Any CPU
		Release|Any CPU = Release|Any CPU
	EndGlobalSection
	GlobalSection(ProjectConfigurationPlatforms) = postSolution
		{C801A376-E282-40D6-A718-2E66748B0F41}.Debug|Any CPU.ActiveCfg = Debug|Any CPU
		{C801A376-E282-40D6-A718-2E66748B0F41}.Debug|Any CPU.Build.0 = Debug|Any CPU
		{C801A376-E282-40D6-A718-2E66748B0F41}.Release|Any CPU.ActiveCfg = Release|Any CPU
		{C801A376-E282-40D6-A718-2E66748B0F41}.Release|Any CPU.Build.0 = Release|Any CPU
	EndGlobalSection
	GlobalSection(SolutionProperties) = preSolution
		HideSolutionNode = FALSE
	EndGlobalSection
	GlobalSection(ExtensibilityGlobals) = postSolution
		SolutionGuid = {8789871A-8268-4BF8-99B4-37F39CB5A358}
	EndGlobalSection
EndGlobal
